
Microsoft Visual Studio Solution File, Format Version 12.00
# Visual Studio Version 16
VisualStudioVersion = 16.0.29001.49
MinimumVisualStudioVersion = 10.0.40219.1
Project("{9A19103F-16F7-4668-BE54-9A1E7A4F7556}") = "Volo.Forms.Domain.Shared", "src\Volo.Forms.Domain.Shared\Volo.Forms.Domain.Shared.csproj", "{D64C1577-4929-4B60-939E-96DE1534891A}"
EndProject
Project("{9A19103F-16F7-4668-BE54-9A1E7A4F7556}") = "Volo.Forms.Domain", "src\Volo.Forms.Domain\Volo.Forms.Domain.csproj", "{F2840BC7-0188-4606-9126-DADD0F5ABF7A}"
EndProject
Project("{2150E333-8FDC-42A3-9474-1A3956D46DE8}") = "src", "src", "{649A3FFA-182F-4E56-9717-E6A9A2BEC545}"
EndProject
Project("{2150E333-8FDC-42A3-9474-1A3956D46DE8}") = "test", "test", "{CCD2960C-23CC-4AB4-B84D-60C7AAA52F4D}"
EndProject
Project("{2150E333-8FDC-42A3-9474-1A3956D46DE8}") = "host", "host", "{E400416D-2895-4512-9D17-90681EEC7E0A}"
EndProject
Project("{9A19103F-16F7-4668-BE54-9A1E7A4F7556}") = "Volo.Forms.EntityFrameworkCore", "src\Volo.Forms.EntityFrameworkCore\Volo.Forms.EntityFrameworkCore.csproj", "{0CE86223-D31D-4315-A1F5-87BA3EE1B844}"
EndProject
Project("{9A19103F-16F7-4668-BE54-9A1E7A4F7556}") = "Volo.Forms.TestBase", "test\Volo.Forms.TestBase\Volo.Forms.TestBase.csproj", "{C5BB573D-3030-4BCB-88B7-F6A85C32766C}"
EndProject
Project("{9A19103F-16F7-4668-BE54-9A1E7A4F7556}") = "Volo.Forms.EntityFrameworkCore.Tests", "test\Volo.Forms.EntityFrameworkCore.Tests\Volo.Forms.EntityFrameworkCore.Tests.csproj", "{527F645C-C1FC-406E-8479-81386C8ECF13}"
EndProject
Project("{9A19103F-16F7-4668-BE54-9A1E7A4F7556}") = "Volo.Forms.Domain.Tests", "test\Volo.Forms.Domain.Tests\Volo.Forms.Domain.Tests.csproj", "{E60895E5-79C4-447D-88B7-85CB5BA336A4}"
EndProject
Project("{9A19103F-16F7-4668-BE54-9A1E7A4F7556}") = "Volo.Forms.Application.Tests", "test\Volo.Forms.Application.Tests\Volo.Forms.Application.Tests.csproj", "{90CB5DC4-C040-45C7-8900-9688B26405BC}"
EndProject
Project("{9A19103F-16F7-4668-BE54-9A1E7A4F7556}") = "Volo.Forms.HttpApi.Client.ConsoleTestApp", "test\Volo.Forms.HttpApi.Client.ConsoleTestApp\Volo.Forms.HttpApi.Client.ConsoleTestApp.csproj", "{1EDCD6D4-DF3A-4E3B-ABB6-C0D0B373EAB8}"
EndProject
Project("{FAE04EC0-301F-11D3-BF4B-00C04F79EFBC}") = "Volo.Forms.Application.Contracts", "src\Volo.Forms.Application.Contracts\Volo.Forms.Application.Contracts.csproj", "{EF723E4D-8D6B-490B-9C8C-DB4ADB8E6D3E}"
EndProject
Project("{FAE04EC0-301F-11D3-BF4B-00C04F79EFBC}") = "Volo.Forms.Application", "src\Volo.Forms.Application\Volo.Forms.Application.csproj", "{BD349C87-8C31-4EB7-87B8-F5718E56E54D}"
EndProject
Project("{FAE04EC0-301F-11D3-BF4B-00C04F79EFBC}") = "Volo.Forms.HttpApi.Client", "src\Volo.Forms.HttpApi.Client\Volo.Forms.HttpApi.Client.csproj", "{9BDC01EE-4205-4ACB-95DB-139154A3DB8B}"
EndProject
Project("{FAE04EC0-301F-11D3-BF4B-00C04F79EFBC}") = "Volo.Forms.HttpApi", "src\Volo.Forms.HttpApi\Volo.Forms.HttpApi.csproj", "{C6AAA19A-93EC-4CFA-92DF-7B384EB6133A}"
EndProject
Project("{FAE04EC0-301F-11D3-BF4B-00C04F79EFBC}") = "Volo.Forms.Web", "src\Volo.Forms.Web\Volo.Forms.Web.csproj", "{BBD9CF1C-CC1E-4124-B9DA-3AEB51B1D51B}"
EndProject
Global
	GlobalSection(SolutionConfigurationPlatforms) = preSolution
		Debug|Any CPU = Debug|Any CPU
		Release|Any CPU = Release|Any CPU
	EndGlobalSection
	GlobalSection(ProjectConfigurationPlatforms) = postSolution
		{D64C1577-4929-4B60-939E-96DE1534891A}.Debug|Any CPU.ActiveCfg = Debug|Any CPU
		{D64C1577-4929-4B60-939E-96DE1534891A}.Debug|Any CPU.Build.0 = Debug|Any CPU
		{D64C1577-4929-4B60-939E-96DE1534891A}.Release|Any CPU.ActiveCfg = Release|Any CPU
		{D64C1577-4929-4B60-939E-96DE1534891A}.Release|Any CPU.Build.0 = Release|Any CPU
		{F2840BC7-0188-4606-9126-DADD0F5ABF7A}.Debug|Any CPU.ActiveCfg = Debug|Any CPU
		{F2840BC7-0188-4606-9126-DADD0F5ABF7A}.Debug|Any CPU.Build.0 = Debug|Any CPU
		{F2840BC7-0188-4606-9126-DADD0F5ABF7A}.Release|Any CPU.ActiveCfg = Release|Any CPU
		{F2840BC7-0188-4606-9126-DADD0F5ABF7A}.Release|Any CPU.Build.0 = Release|Any CPU
		{0CE86223-D31D-4315-A1F5-87BA3EE1B844}.Debug|Any CPU.ActiveCfg = Debug|Any CPU
		{0CE86223-D31D-4315-A1F5-87BA3EE1B844}.Debug|Any CPU.Build.0 = Debug|Any CPU
		{0CE86223-D31D-4315-A1F5-87BA3EE1B844}.Release|Any CPU.ActiveCfg = Release|Any CPU
		{0CE86223-D31D-4315-A1F5-87BA3EE1B844}.Release|Any CPU.Build.0 = Release|Any CPU
		{C5BB573D-3030-4BCB-88B7-F6A85C32766C}.Debug|Any CPU.ActiveCfg = Debug|Any CPU
		{C5BB573D-3030-4BCB-88B7-F6A85C32766C}.Debug|Any CPU.Build.0 = Debug|Any CPU
		{C5BB573D-3030-4BCB-88B7-F6A85C32766C}.Release|Any CPU.ActiveCfg = Release|Any CPU
		{C5BB573D-3030-4BCB-88B7-F6A85C32766C}.Release|Any CPU.Build.0 = Release|Any CPU
		{527F645C-C1FC-406E-8479-81386C8ECF13}.Debug|Any CPU.ActiveCfg = Debug|Any CPU
		{527F645C-C1FC-406E-8479-81386C8ECF13}.Debug|Any CPU.Build.0 = Debug|Any CPU
		{527F645C-C1FC-406E-8479-81386C8ECF13}.Release|Any CPU.ActiveCfg = Release|Any CPU
		{527F645C-C1FC-406E-8479-81386C8ECF13}.Release|Any CPU.Build.0 = Release|Any CPU
		{E60895E5-79C4-447D-88B7-85CB5BA336A4}.Debug|Any CPU.ActiveCfg = Debug|Any CPU
		{E60895E5-79C4-447D-88B7-85CB5BA336A4}.Debug|Any CPU.Build.0 = Debug|Any CPU
		{E60895E5-79C4-447D-88B7-85CB5BA336A4}.Release|Any CPU.ActiveCfg = Release|Any CPU
		{E60895E5-79C4-447D-88B7-85CB5BA336A4}.Release|Any CPU.Build.0 = Release|Any CPU
		{90CB5DC4-C040-45C7-8900-9688B26405BC}.Debug|Any CPU.ActiveCfg = Debug|Any CPU
		{90CB5DC4-C040-45C7-8900-9688B26405BC}.Debug|Any CPU.Build.0 = Debug|Any CPU
		{90CB5DC4-C040-45C7-8900-9688B26405BC}.Release|Any CPU.ActiveCfg = Release|Any CPU
		{90CB5DC4-C040-45C7-8900-9688B26405BC}.Release|Any CPU.Build.0 = Release|Any CPU
		{1EDCD6D4-DF3A-4E3B-ABB6-C0D0B373EAB8}.Debug|Any CPU.ActiveCfg = Debug|Any CPU
		{1EDCD6D4-DF3A-4E3B-ABB6-C0D0B373EAB8}.Debug|Any CPU.Build.0 = Debug|Any CPU
		{1EDCD6D4-DF3A-4E3B-ABB6-C0D0B373EAB8}.Release|Any CPU.ActiveCfg = Release|Any CPU
		{1EDCD6D4-DF3A-4E3B-ABB6-C0D0B373EAB8}.Release|Any CPU.Build.0 = Release|Any CPU
		{EF723E4D-8D6B-490B-9C8C-DB4ADB8E6D3E}.Debug|Any CPU.ActiveCfg = Debug|Any CPU
		{EF723E4D-8D6B-490B-9C8C-DB4ADB8E6D3E}.Debug|Any CPU.Build.0 = Debug|Any CPU
		{EF723E4D-8D6B-490B-9C8C-DB4ADB8E6D3E}.Release|Any CPU.ActiveCfg = Release|Any CPU
		{EF723E4D-8D6B-490B-9C8C-DB4ADB8E6D3E}.Release|Any CPU.Build.0 = Release|Any CPU
		{BD349C87-8C31-4EB7-87B8-F5718E56E54D}.Debug|Any CPU.ActiveCfg = Debug|Any CPU
		{BD349C87-8C31-4EB7-87B8-F5718E56E54D}.Debug|Any CPU.Build.0 = Debug|Any CPU
		{BD349C87-8C31-4EB7-87B8-F5718E56E54D}.Release|Any CPU.ActiveCfg = Release|Any CPU
		{BD349C87-8C31-4EB7-87B8-F5718E56E54D}.Release|Any CPU.Build.0 = Release|Any CPU
		{9BDC01EE-4205-4ACB-95DB-139154A3DB8B}.Debug|Any CPU.ActiveCfg = Debug|Any CPU
		{9BDC01EE-4205-4ACB-95DB-139154A3DB8B}.Debug|Any CPU.Build.0 = Debug|Any CPU
		{9BDC01EE-4205-4ACB-95DB-139154A3DB8B}.Release|Any CPU.ActiveCfg = Release|Any CPU
		{9BDC01EE-4205-4ACB-95DB-139154A3DB8B}.Release|Any CPU.Build.0 = Release|Any CPU
		{C6AAA19A-93EC-4CFA-92DF-7B384EB6133A}.Debug|Any CPU.ActiveCfg = Debug|Any CPU
		{C6AAA19A-93EC-4CFA-92DF-7B384EB6133A}.Debug|Any CPU.Build.0 = Debug|Any CPU
		{C6AAA19A-93EC-4CFA-92DF-7B384EB6133A}.Release|Any CPU.ActiveCfg = Release|Any CPU
		{C6AAA19A-93EC-4CFA-92DF-7B384EB6133A}.Release|Any CPU.Build.0 = Release|Any CPU
		{BBD9CF1C-CC1E-4124-B9DA-3AEB51B1D51B}.Debug|Any CPU.ActiveCfg = Debug|Any CPU
		{BBD9CF1C-CC1E-4124-B9DA-3AEB51B1D51B}.Debug|Any CPU.Build.0 = Debug|Any CPU
		{BBD9CF1C-CC1E-4124-B9DA-3AEB51B1D51B}.Release|Any CPU.ActiveCfg = Release|Any CPU
		{BBD9CF1C-CC1E-4124-B9DA-3AEB51B1D51B}.Release|Any CPU.Build.0 = Release|Any CPU
	EndGlobalSection
	GlobalSection(SolutionProperties) = preSolution
		HideSolutionNode = FALSE
	EndGlobalSection
	GlobalSection(NestedProjects) = preSolution
		{C5BB573D-3030-4BCB-88B7-F6A85C32766C} = {CCD2960C-23CC-4AB4-B84D-60C7AAA52F4D}
		{527F645C-C1FC-406E-8479-81386C8ECF13} = {CCD2960C-23CC-4AB4-B84D-60C7AAA52F4D}
		{E60895E5-79C4-447D-88B7-85CB5BA336A4} = {CCD2960C-23CC-4AB4-B84D-60C7AAA52F4D}
		{90CB5DC4-C040-45C7-8900-9688B26405BC} = {CCD2960C-23CC-4AB4-B84D-60C7AAA52F4D}
		{1EDCD6D4-DF3A-4E3B-ABB6-C0D0B373EAB8} = {CCD2960C-23CC-4AB4-B84D-60C7AAA52F4D}
		{F2840BC7-0188-4606-9126-DADD0F5ABF7A} = {649A3FFA-182F-4E56-9717-E6A9A2BEC545}
		{D64C1577-4929-4B60-939E-96DE1534891A} = {649A3FFA-182F-4E56-9717-E6A9A2BEC545}
		{0CE86223-D31D-4315-A1F5-87BA3EE1B844} = {649A3FFA-182F-4E56-9717-E6A9A2BEC545}
		{BD349C87-8C31-4EB7-87B8-F5718E56E54D} = {649A3FFA-182F-4E56-9717-E6A9A2BEC545}
		{EF723E4D-8D6B-490B-9C8C-DB4ADB8E6D3E} = {649A3FFA-182F-4E56-9717-E6A9A2BEC545}
		{C6AAA19A-93EC-4CFA-92DF-7B384EB6133A} = {649A3FFA-182F-4E56-9717-E6A9A2BEC545}
		{9BDC01EE-4205-4ACB-95DB-139154A3DB8B} = {649A3FFA-182F-4E56-9717-E6A9A2BEC545}
		{BBD9CF1C-CC1E-4124-B9DA-3AEB51B1D51B} = {649A3FFA-182F-4E56-9717-E6A9A2BEC545}
	EndGlobalSection
	GlobalSection(ExtensibilityGlobals) = postSolution
		SolutionGuid = {2712717A-AF3F-3EEB-6336-0E08149998F3}
	EndGlobalSection
EndGlobal
