
Microsoft Visual Studio Solution File, Format Version 12.00
# Visual Studio Version 16
VisualStudioVersion = 16.0.29709.97
MinimumVisualStudioVersion = 10.0.40219.1
Project("{9A19103F-16F7-4668-BE54-9A1E7A4F7556}") = "Volo.Payment.Domain.Shared", "src\Volo.Payment.Domain.Shared\Volo.Payment.Domain.Shared.csproj", "{D64C1577-4929-4B60-939E-96DE1534891A}"
EndProject
Project("{9A19103F-16F7-4668-BE54-9A1E7A4F7556}") = "Volo.Payment.Domain", "src\Volo.Payment.Domain\Volo.Payment.Domain.csproj", "{F2840BC7-0188-4606-9126-DADD0F5ABF7A}"
EndProject
Project("{2150E333-8FDC-42A3-9474-1A3956D46DE8}") = "src", "src", "{649A3FFA-182F-4E56-9717-E6A9A2BEC545}"
EndProject
Project("{2150E333-8FDC-42A3-9474-1A3956D46DE8}") = "tests", "tests", "{CCD2960C-23CC-4AB4-B84D-60C7AAA52F4D}"
EndProject
Project("{2150E333-8FDC-42A3-9474-1A3956D46DE8}") = "app", "app", "{E400416D-2895-4512-9D17-90681EEC7E0A}"
EndProject
Project("{9A19103F-16F7-4668-BE54-9A1E7A4F7556}") = "Volo.Payment.EntityFrameworkCore", "src\Volo.Payment.EntityFrameworkCore\Volo.Payment.EntityFrameworkCore.csproj", "{0CE86223-D31D-4315-A1F5-87BA3EE1B844}"
EndProject
Project("{9A19103F-16F7-4668-BE54-9A1E7A4F7556}") = "Volo.Payment.TestBase", "test\Volo.Payment.TestBase\Volo.Payment.TestBase.csproj", "{6E5B22E7-E2DB-45D4-B828-8019D8FD51E8}"
EndProject
Project("{9A19103F-16F7-4668-BE54-9A1E7A4F7556}") = "Volo.Payment.Domain.Tests", "test\Volo.Payment.Domain.Tests\Volo.Payment.Domain.Tests.csproj", "{44FB6636-5427-415D-8883-CB7E42D548F2}"
EndProject
Project("{9A19103F-16F7-4668-BE54-9A1E7A4F7556}") = "Volo.Payment.EntityFrameworkCore.Tests", "test\Volo.Payment.EntityFrameworkCore.Tests\Volo.Payment.EntityFrameworkCore.Tests.csproj", "{E5906DE1-B2F5-472E-BE1B-1D96A68B834D}"
EndProject
Project("{9A19103F-16F7-4668-BE54-9A1E7A4F7556}") = "Volo.Payment.Application.Tests", "test\Volo.Payment.Application.Tests\Volo.Payment.Application.Tests.csproj", "{13A9EAD6-F3A4-4357-BA4A-A7E8FEB4A264}"
EndProject
Project("{2150E333-8FDC-42A3-9474-1A3956D46DE8}") = "core", "core", "{84BCB960-226C-4C74-8871-8E4478FC7993}"
EndProject
Project("{2150E333-8FDC-42A3-9474-1A3956D46DE8}") = "core", "core", "{4FEFD127-BDDD-404C-8E5B-29BB5096AC05}"
EndProject
Project("{2150E333-8FDC-42A3-9474-1A3956D46DE8}") = "payu", "payu", "{9C1D63AA-77D1-428A-BCE5-9DAC03310C07}"
EndProject
Project("{9A19103F-16F7-4668-BE54-9A1E7A4F7556}") = "Volo.Payment.Payu.Web", "src\Volo.Payment.Payu.Web\Volo.Payment.Payu.Web.csproj", "{05B0BFDE-7BB9-4571-AEA4-D3EAA10B4E18}"
EndProject
Project("{9A19103F-16F7-4668-BE54-9A1E7A4F7556}") = "Volo.Payment.Payu.Domain", "src\Volo.Payment.Payu.Domain\Volo.Payment.Payu.Domain.csproj", "{B40F0A9E-12FC-4A07-B3BC-52D716BF7AF1}"
EndProject
Project("{2150E333-8FDC-42A3-9474-1A3956D46DE8}") = "two-checkout", "two-checkout", "{19759A55-07B2-4F58-A4B0-65DF755E0C5D}"
EndProject
Project("{9A19103F-16F7-4668-BE54-9A1E7A4F7556}") = "Volo.Payment.TwoCheckout.Domain", "src\Volo.Payment.TwoCheckout.Domain\Volo.Payment.TwoCheckout.Domain.csproj", "{0D710977-6A62-402C-9987-D5153242843C}"
EndProject
Project("{9A19103F-16F7-4668-BE54-9A1E7A4F7556}") = "Volo.Payment.TwoCheckout.Web", "src\Volo.Payment.TwoCheckout.Web\Volo.Payment.TwoCheckout.Web.csproj", "{4180977D-EDA9-44E0-878C-1E50171D2735}"
EndProject
Project("{2150E333-8FDC-42A3-9474-1A3956D46DE8}") = "paypal", "paypal", "{292DCB87-6651-427F-849E-77AD2D19CB68}"
EndProject
Project("{9A19103F-16F7-4668-BE54-9A1E7A4F7556}") = "Volo.Payment.PayPal.Domain", "src\Volo.Payment.PayPal.Domain\Volo.Payment.PayPal.Domain.csproj", "{3783CA2D-7003-474B-AAE3-7AFBC51D61B4}"
EndProject
Project("{9A19103F-16F7-4668-BE54-9A1E7A4F7556}") = "Volo.Payment.PayPal.Web", "src\Volo.Payment.PayPal.Web\Volo.Payment.PayPal.Web.csproj", "{B24B968D-021C-46A3-8171-9E3F42925DDD}"
EndProject
Project("{2150E333-8FDC-42A3-9474-1A3956D46DE8}") = "stripe", "stripe", "{ED6A492F-36DC-4692-A892-AEC67BAAE0DA}"
EndProject
Project("{9A19103F-16F7-4668-BE54-9A1E7A4F7556}") = "Volo.Payment.Stripe.Domain", "src\Volo.Payment.Stripe.Domain\Volo.Payment.Stripe.Domain.csproj", "{1581903A-0B93-4081-A837-B939B6257E4B}"
EndProject
Project("{9A19103F-16F7-4668-BE54-9A1E7A4F7556}") = "Volo.Payment.Stripe.Web", "src\Volo.Payment.Stripe.Web\Volo.Payment.Stripe.Web.csproj", "{C594A917-2575-4019-8F6E-8B1B57FB777B}"
EndProject
Project("{2150E333-8FDC-42A3-9474-1A3956D46DE8}") = "iyzico", "iyzico", "{E1C8B6E0-1D9C-4A49-ABF1-BEDDA09E22E1}"
EndProject
Project("{9A19103F-16F7-4668-BE54-9A1E7A4F7556}") = "Volo.Payment.Iyzico.Domain", "src\Volo.Payment.Iyzico.Domain\Volo.Payment.Iyzico.Domain.csproj", "{6C32EB5F-5440-46AF-A5D2-5ECF1E195B06}"
EndProject
Project("{9A19103F-16F7-4668-BE54-9A1E7A4F7556}") = "Volo.Payment.Iyzico.Web", "src\Volo.Payment.Iyzico.Web\Volo.Payment.Iyzico.Web.csproj", "{2034ED76-0031-48DA-BDD0-855F309717D0}"
EndProject
Project("{2150E333-8FDC-42A3-9474-1A3956D46DE8}") = "admin", "admin", "{7BC08293-7594-4884-827D-365DA75DE595}"
EndProject
Project("{9A19103F-16F7-4668-BE54-9A1E7A4F7556}") = "Volo.Payment.Admin.Application", "src\Volo.Payment.Admin.Application\Volo.Payment.Admin.Application.csproj", "{BB88106A-7E55-4F6A-A586-1794916281CD}"
EndProject
Project("{9A19103F-16F7-4668-BE54-9A1E7A4F7556}") = "Volo.Payment.Admin.Application.Contracts", "src\Volo.Payment.Admin.Application.Contracts\Volo.Payment.Admin.Application.Contracts.csproj", "{F5A2A46F-39A1-40AA-9B0B-E4C45B810D88}"
EndProject
Project("{9A19103F-16F7-4668-BE54-9A1E7A4F7556}") = "Volo.Payment.Admin.Web", "src\Volo.Payment.Admin.Web\Volo.Payment.Admin.Web.csproj", "{1E7F3212-6DB9-4CDF-87ED-FA4F17813431}"
EndProject
Project("{2150E333-8FDC-42A3-9474-1A3956D46DE8}") = "common", "common", "{C4AA2F7E-3B2B-4723-BC67-BCD9E8385FAE}"
EndProject
Project("{9A19103F-16F7-4668-BE54-9A1E7A4F7556}") = "Volo.Payment.Admin.HttpApi", "src\Volo.Payment.Admin.HttpApi\Volo.Payment.Admin.HttpApi.csproj", "{93C13C2E-5BAE-4183-A3FC-A14CA0955D04}"
EndProject
Project("{9A19103F-16F7-4668-BE54-9A1E7A4F7556}") = "Volo.Payment.Admin.HttpApi.Client", "src\Volo.Payment.Admin.HttpApi.Client\Volo.Payment.Admin.HttpApi.Client.csproj", "{E634B4AE-731E-4FD4-8D96-E4CE7C410159}"
EndProject
Project("{9A19103F-16F7-4668-BE54-9A1E7A4F7556}") = "Volo.Payment.Stripe.HttpApi", "src\Volo.Payment.Stripe.HttpApi\Volo.Payment.Stripe.HttpApi.csproj", "{AD2F610A-D682-48C3-B676-317DE1D26EFB}"
EndProject
Project("{9A19103F-16F7-4668-BE54-9A1E7A4F7556}") = "Volo.Payment.HttpApi", "src\Volo.Payment.HttpApi\Volo.Payment.HttpApi.csproj", "{89889D16-3678-4DD2-A47F-43916AB5BBDF}"
EndProject
Project("{9A19103F-16F7-4668-BE54-9A1E7A4F7556}") = "Volo.Payment.HttpApi.Client", "src\Volo.Payment.HttpApi.Client\Volo.Payment.HttpApi.Client.csproj", "{8F329735-C2BD-4130-B09B-74D99292C8F6}"
EndProject
Project("{9A19103F-16F7-4668-BE54-9A1E7A4F7556}") = "Volo.Payment.Web", "src\Volo.Payment.Web\Volo.Payment.Web.csproj", "{BEABD6BE-52F8-4278-BC9A-815CA4E14D91}"
EndProject
Project("{9A19103F-16F7-4668-BE54-9A1E7A4F7556}") = "Volo.Payment.Application", "src\Volo.Payment.Application\Volo.Payment.Application.csproj", "{EAD348B3-F8AE-4500-A2CA-5B1B3CC5B305}"
EndProject
Project("{9A19103F-16F7-4668-BE54-9A1E7A4F7556}") = "Volo.Payment.Application.Contracts", "src\Volo.Payment.Application.Contracts\Volo.Payment.Application.Contracts.csproj", "{A7AE48EB-D0A9-42FE-A584-9F8CCB54BF1B}"
EndProject
Global
	GlobalSection(SolutionConfigurationPlatforms) = preSolution
		Debug|Any CPU = Debug|Any CPU
		Release|Any CPU = Release|Any CPU
	EndGlobalSection
	GlobalSection(ProjectConfigurationPlatforms) = postSolution
		{D64C1577-4929-4B60-939E-96DE1534891A}.Debug|Any CPU.ActiveCfg = Debug|Any CPU
		{D64C1577-4929-4B60-939E-96DE1534891A}.Debug|Any CPU.Build.0 = Debug|Any CPU
		{D64C1577-4929-4B60-939E-96DE1534891A}.Release|Any CPU.ActiveCfg = Release|Any CPU
		{D64C1577-4929-4B60-939E-96DE1534891A}.Release|Any CPU.Build.0 = Release|Any CPU
		{F2840BC7-0188-4606-9126-DADD0F5ABF7A}.Debug|Any CPU.ActiveCfg = Debug|Any CPU
		{F2840BC7-0188-4606-9126-DADD0F5ABF7A}.Debug|Any CPU.Build.0 = Debug|Any CPU
		{F2840BC7-0188-4606-9126-DADD0F5ABF7A}.Release|Any CPU.ActiveCfg = Release|Any CPU
		{F2840BC7-0188-4606-9126-DADD0F5ABF7A}.Release|Any CPU.Build.0 = Release|Any CPU
		{0CE86223-D31D-4315-A1F5-87BA3EE1B844}.Debug|Any CPU.ActiveCfg = Debug|Any CPU
		{0CE86223-D31D-4315-A1F5-87BA3EE1B844}.Debug|Any CPU.Build.0 = Debug|Any CPU
		{0CE86223-D31D-4315-A1F5-87BA3EE1B844}.Release|Any CPU.ActiveCfg = Release|Any CPU
		{0CE86223-D31D-4315-A1F5-87BA3EE1B844}.Release|Any CPU.Build.0 = Release|Any CPU
		{6E5B22E7-E2DB-45D4-B828-8019D8FD51E8}.Debug|Any CPU.ActiveCfg = Debug|Any CPU
		{6E5B22E7-E2DB-45D4-B828-8019D8FD51E8}.Debug|Any CPU.Build.0 = Debug|Any CPU
		{6E5B22E7-E2DB-45D4-B828-8019D8FD51E8}.Release|Any CPU.ActiveCfg = Release|Any CPU
		{6E5B22E7-E2DB-45D4-B828-8019D8FD51E8}.Release|Any CPU.Build.0 = Release|Any CPU
		{44FB6636-5427-415D-8883-CB7E42D548F2}.Debug|Any CPU.ActiveCfg = Debug|Any CPU
		{44FB6636-5427-415D-8883-CB7E42D548F2}.Debug|Any CPU.Build.0 = Debug|Any CPU
		{44FB6636-5427-415D-8883-CB7E42D548F2}.Release|Any CPU.ActiveCfg = Release|Any CPU
		{44FB6636-5427-415D-8883-CB7E42D548F2}.Release|Any CPU.Build.0 = Release|Any CPU
		{E5906DE1-B2F5-472E-BE1B-1D96A68B834D}.Debug|Any CPU.ActiveCfg = Debug|Any CPU
		{E5906DE1-B2F5-472E-BE1B-1D96A68B834D}.Debug|Any CPU.Build.0 = Debug|Any CPU
		{E5906DE1-B2F5-472E-BE1B-1D96A68B834D}.Release|Any CPU.ActiveCfg = Release|Any CPU
		{E5906DE1-B2F5-472E-BE1B-1D96A68B834D}.Release|Any CPU.Build.0 = Release|Any CPU
		{13A9EAD6-F3A4-4357-BA4A-A7E8FEB4A264}.Debug|Any CPU.ActiveCfg = Debug|Any CPU
		{13A9EAD6-F3A4-4357-BA4A-A7E8FEB4A264}.Debug|Any CPU.Build.0 = Debug|Any CPU
		{13A9EAD6-F3A4-4357-BA4A-A7E8FEB4A264}.Release|Any CPU.ActiveCfg = Release|Any CPU
		{13A9EAD6-F3A4-4357-BA4A-A7E8FEB4A264}.Release|Any CPU.Build.0 = Release|Any CPU
		{05B0BFDE-7BB9-4571-AEA4-D3EAA10B4E18}.Debug|Any CPU.ActiveCfg = Debug|Any CPU
		{05B0BFDE-7BB9-4571-AEA4-D3EAA10B4E18}.Debug|Any CPU.Build.0 = Debug|Any CPU
		{05B0BFDE-7BB9-4571-AEA4-D3EAA10B4E18}.Release|Any CPU.ActiveCfg = Release|Any CPU
		{05B0BFDE-7BB9-4571-AEA4-D3EAA10B4E18}.Release|Any CPU.Build.0 = Release|Any CPU
		{B40F0A9E-12FC-4A07-B3BC-52D716BF7AF1}.Debug|Any CPU.ActiveCfg = Debug|Any CPU
		{B40F0A9E-12FC-4A07-B3BC-52D716BF7AF1}.Debug|Any CPU.Build.0 = Debug|Any CPU
		{B40F0A9E-12FC-4A07-B3BC-52D716BF7AF1}.Release|Any CPU.ActiveCfg = Release|Any CPU
		{B40F0A9E-12FC-4A07-B3BC-52D716BF7AF1}.Release|Any CPU.Build.0 = Release|Any CPU
		{0D710977-6A62-402C-9987-D5153242843C}.Debug|Any CPU.ActiveCfg = Debug|Any CPU
		{0D710977-6A62-402C-9987-D5153242843C}.Debug|Any CPU.Build.0 = Debug|Any CPU
		{0D710977-6A62-402C-9987-D5153242843C}.Release|Any CPU.ActiveCfg = Release|Any CPU
		{0D710977-6A62-402C-9987-D5153242843C}.Release|Any CPU.Build.0 = Release|Any CPU
		{4180977D-EDA9-44E0-878C-1E50171D2735}.Debug|Any CPU.ActiveCfg = Debug|Any CPU
		{4180977D-EDA9-44E0-878C-1E50171D2735}.Debug|Any CPU.Build.0 = Debug|Any CPU
		{4180977D-EDA9-44E0-878C-1E50171D2735}.Release|Any CPU.ActiveCfg = Release|Any CPU
		{4180977D-EDA9-44E0-878C-1E50171D2735}.Release|Any CPU.Build.0 = Release|Any CPU
		{3783CA2D-7003-474B-AAE3-7AFBC51D61B4}.Debug|Any CPU.ActiveCfg = Debug|Any CPU
		{3783CA2D-7003-474B-AAE3-7AFBC51D61B4}.Debug|Any CPU.Build.0 = Debug|Any CPU
		{3783CA2D-7003-474B-AAE3-7AFBC51D61B4}.Release|Any CPU.ActiveCfg = Release|Any CPU
		{3783CA2D-7003-474B-AAE3-7AFBC51D61B4}.Release|Any CPU.Build.0 = Release|Any CPU
		{B24B968D-021C-46A3-8171-9E3F42925DDD}.Debug|Any CPU.ActiveCfg = Debug|Any CPU
		{B24B968D-021C-46A3-8171-9E3F42925DDD}.Debug|Any CPU.Build.0 = Debug|Any CPU
		{B24B968D-021C-46A3-8171-9E3F42925DDD}.Release|Any CPU.ActiveCfg = Release|Any CPU
		{B24B968D-021C-46A3-8171-9E3F42925DDD}.Release|Any CPU.Build.0 = Release|Any CPU
		{1581903A-0B93-4081-A837-B939B6257E4B}.Debug|Any CPU.ActiveCfg = Debug|Any CPU
		{1581903A-0B93-4081-A837-B939B6257E4B}.Debug|Any CPU.Build.0 = Debug|Any CPU
		{1581903A-0B93-4081-A837-B939B6257E4B}.Release|Any CPU.ActiveCfg = Release|Any CPU
		{1581903A-0B93-4081-A837-B939B6257E4B}.Release|Any CPU.Build.0 = Release|Any CPU
		{C594A917-2575-4019-8F6E-8B1B57FB777B}.Debug|Any CPU.ActiveCfg = Debug|Any CPU
		{C594A917-2575-4019-8F6E-8B1B57FB777B}.Debug|Any CPU.Build.0 = Debug|Any CPU
		{C594A917-2575-4019-8F6E-8B1B57FB777B}.Release|Any CPU.ActiveCfg = Release|Any CPU
		{C594A917-2575-4019-8F6E-8B1B57FB777B}.Release|Any CPU.Build.0 = Release|Any CPU
		{6C32EB5F-5440-46AF-A5D2-5ECF1E195B06}.Debug|Any CPU.ActiveCfg = Debug|Any CPU
		{6C32EB5F-5440-46AF-A5D2-5ECF1E195B06}.Debug|Any CPU.Build.0 = Debug|Any CPU
		{6C32EB5F-5440-46AF-A5D2-5ECF1E195B06}.Release|Any CPU.ActiveCfg = Release|Any CPU
		{6C32EB5F-5440-46AF-A5D2-5ECF1E195B06}.Release|Any CPU.Build.0 = Release|Any CPU
		{2034ED76-0031-48DA-BDD0-855F309717D0}.Debug|Any CPU.ActiveCfg = Debug|Any CPU
		{2034ED76-0031-48DA-BDD0-855F309717D0}.Debug|Any CPU.Build.0 = Debug|Any CPU
		{2034ED76-0031-48DA-BDD0-855F309717D0}.Release|Any CPU.ActiveCfg = Release|Any CPU
		{2034ED76-0031-48DA-BDD0-855F309717D0}.Release|Any CPU.Build.0 = Release|Any CPU
		{BB88106A-7E55-4F6A-A586-1794916281CD}.Debug|Any CPU.ActiveCfg = Debug|Any CPU
		{BB88106A-7E55-4F6A-A586-1794916281CD}.Debug|Any CPU.Build.0 = Debug|Any CPU
		{BB88106A-7E55-4F6A-A586-1794916281CD}.Release|Any CPU.ActiveCfg = Release|Any CPU
		{BB88106A-7E55-4F6A-A586-1794916281CD}.Release|Any CPU.Build.0 = Release|Any CPU
		{F5A2A46F-39A1-40AA-9B0B-E4C45B810D88}.Debug|Any CPU.ActiveCfg = Debug|Any CPU
		{F5A2A46F-39A1-40AA-9B0B-E4C45B810D88}.Debug|Any CPU.Build.0 = Debug|Any CPU
		{F5A2A46F-39A1-40AA-9B0B-E4C45B810D88}.Release|Any CPU.ActiveCfg = Release|Any CPU
		{F5A2A46F-39A1-40AA-9B0B-E4C45B810D88}.Release|Any CPU.Build.0 = Release|Any CPU
		{1E7F3212-6DB9-4CDF-87ED-FA4F17813431}.Debug|Any CPU.ActiveCfg = Debug|Any CPU
		{1E7F3212-6DB9-4CDF-87ED-FA4F17813431}.Debug|Any CPU.Build.0 = Debug|Any CPU
		{1E7F3212-6DB9-4CDF-87ED-FA4F17813431}.Release|Any CPU.ActiveCfg = Release|Any CPU
		{1E7F3212-6DB9-4CDF-87ED-FA4F17813431}.Release|Any CPU.Build.0 = Release|Any CPU
		{93C13C2E-5BAE-4183-A3FC-A14CA0955D04}.Debug|Any CPU.ActiveCfg = Debug|Any CPU
		{93C13C2E-5BAE-4183-A3FC-A14CA0955D04}.Debug|Any CPU.Build.0 = Debug|Any CPU
		{93C13C2E-5BAE-4183-A3FC-A14CA0955D04}.Release|Any CPU.ActiveCfg = Release|Any CPU
		{93C13C2E-5BAE-4183-A3FC-A14CA0955D04}.Release|Any CPU.Build.0 = Release|Any CPU
		{E634B4AE-731E-4FD4-8D96-E4CE7C410159}.Debug|Any CPU.ActiveCfg = Debug|Any CPU
		{E634B4AE-731E-4FD4-8D96-E4CE7C410159}.Debug|Any CPU.Build.0 = Debug|Any CPU
		{E634B4AE-731E-4FD4-8D96-E4CE7C410159}.Release|Any CPU.ActiveCfg = Release|Any CPU
		{E634B4AE-731E-4FD4-8D96-E4CE7C410159}.Release|Any CPU.Build.0 = Release|Any CPU
		{AD2F610A-D682-48C3-B676-317DE1D26EFB}.Debug|Any CPU.ActiveCfg = Debug|Any CPU
		{AD2F610A-D682-48C3-B676-317DE1D26EFB}.Debug|Any CPU.Build.0 = Debug|Any CPU
		{AD2F610A-D682-48C3-B676-317DE1D26EFB}.Release|Any CPU.ActiveCfg = Release|Any CPU
		{AD2F610A-D682-48C3-B676-317DE1D26EFB}.Release|Any CPU.Build.0 = Release|Any CPU
		{89889D16-3678-4DD2-A47F-43916AB5BBDF}.Debug|Any CPU.ActiveCfg = Debug|Any CPU
		{89889D16-3678-4DD2-A47F-43916AB5BBDF}.Debug|Any CPU.Build.0 = Debug|Any CPU
		{89889D16-3678-4DD2-A47F-43916AB5BBDF}.Release|Any CPU.ActiveCfg = Release|Any CPU
		{89889D16-3678-4DD2-A47F-43916AB5BBDF}.Release|Any CPU.Build.0 = Release|Any CPU
		{8F329735-C2BD-4130-B09B-74D99292C8F6}.Debug|Any CPU.ActiveCfg = Debug|Any CPU
		{8F329735-C2BD-4130-B09B-74D99292C8F6}.Debug|Any CPU.Build.0 = Debug|Any CPU
		{8F329735-C2BD-4130-B09B-74D99292C8F6}.Release|Any CPU.ActiveCfg = Release|Any CPU
		{8F329735-C2BD-4130-B09B-74D99292C8F6}.Release|Any CPU.Build.0 = Release|Any CPU
		{BEABD6BE-52F8-4278-BC9A-815CA4E14D91}.Debug|Any CPU.ActiveCfg = Debug|Any CPU
		{BEABD6BE-52F8-4278-BC9A-815CA4E14D91}.Debug|Any CPU.Build.0 = Debug|Any CPU
		{BEABD6BE-52F8-4278-BC9A-815CA4E14D91}.Release|Any CPU.ActiveCfg = Release|Any CPU
		{BEABD6BE-52F8-4278-BC9A-815CA4E14D91}.Release|Any CPU.Build.0 = Release|Any CPU
		{EAD348B3-F8AE-4500-A2CA-5B1B3CC5B305}.Debug|Any CPU.ActiveCfg = Debug|Any CPU
		{EAD348B3-F8AE-4500-A2CA-5B1B3CC5B305}.Debug|Any CPU.Build.0 = Debug|Any CPU
		{EAD348B3-F8AE-4500-A2CA-5B1B3CC5B305}.Release|Any CPU.ActiveCfg = Release|Any CPU
		{EAD348B3-F8AE-4500-A2CA-5B1B3CC5B305}.Release|Any CPU.Build.0 = Release|Any CPU
		{A7AE48EB-D0A9-42FE-A584-9F8CCB54BF1B}.Debug|Any CPU.ActiveCfg = Debug|Any CPU
		{A7AE48EB-D0A9-42FE-A584-9F8CCB54BF1B}.Debug|Any CPU.Build.0 = Debug|Any CPU
		{A7AE48EB-D0A9-42FE-A584-9F8CCB54BF1B}.Release|Any CPU.ActiveCfg = Release|Any CPU
		{A7AE48EB-D0A9-42FE-A584-9F8CCB54BF1B}.Release|Any CPU.Build.0 = Release|Any CPU
	EndGlobalSection
	GlobalSection(SolutionProperties) = preSolution
		HideSolutionNode = FALSE
	EndGlobalSection
	GlobalSection(NestedProjects) = preSolution
		{D64C1577-4929-4B60-939E-96DE1534891A} = {C4AA2F7E-3B2B-4723-BC67-BCD9E8385FAE}
		{F2840BC7-0188-4606-9126-DADD0F5ABF7A} = {C4AA2F7E-3B2B-4723-BC67-BCD9E8385FAE}
		{0CE86223-D31D-4315-A1F5-87BA3EE1B844} = {C4AA2F7E-3B2B-4723-BC67-BCD9E8385FAE}
		{6E5B22E7-E2DB-45D4-B828-8019D8FD51E8} = {4FEFD127-BDDD-404C-8E5B-29BB5096AC05}
		{44FB6636-5427-415D-8883-CB7E42D548F2} = {4FEFD127-BDDD-404C-8E5B-29BB5096AC05}
		{E5906DE1-B2F5-472E-BE1B-1D96A68B834D} = {4FEFD127-BDDD-404C-8E5B-29BB5096AC05}
		{13A9EAD6-F3A4-4357-BA4A-A7E8FEB4A264} = {4FEFD127-BDDD-404C-8E5B-29BB5096AC05}
		{84BCB960-226C-4C74-8871-8E4478FC7993} = {649A3FFA-182F-4E56-9717-E6A9A2BEC545}
		{4FEFD127-BDDD-404C-8E5B-29BB5096AC05} = {CCD2960C-23CC-4AB4-B84D-60C7AAA52F4D}
		{9C1D63AA-77D1-428A-BCE5-9DAC03310C07} = {649A3FFA-182F-4E56-9717-E6A9A2BEC545}
		{05B0BFDE-7BB9-4571-AEA4-D3EAA10B4E18} = {9C1D63AA-77D1-428A-BCE5-9DAC03310C07}
		{B40F0A9E-12FC-4A07-B3BC-52D716BF7AF1} = {9C1D63AA-77D1-428A-BCE5-9DAC03310C07}
		{19759A55-07B2-4F58-A4B0-65DF755E0C5D} = {649A3FFA-182F-4E56-9717-E6A9A2BEC545}
		{0D710977-6A62-402C-9987-D5153242843C} = {19759A55-07B2-4F58-A4B0-65DF755E0C5D}
		{4180977D-EDA9-44E0-878C-1E50171D2735} = {19759A55-07B2-4F58-A4B0-65DF755E0C5D}
		{292DCB87-6651-427F-849E-77AD2D19CB68} = {649A3FFA-182F-4E56-9717-E6A9A2BEC545}
		{3783CA2D-7003-474B-AAE3-7AFBC51D61B4} = {292DCB87-6651-427F-849E-77AD2D19CB68}
		{B24B968D-021C-46A3-8171-9E3F42925DDD} = {292DCB87-6651-427F-849E-77AD2D19CB68}
		{ED6A492F-36DC-4692-A892-AEC67BAAE0DA} = {649A3FFA-182F-4E56-9717-E6A9A2BEC545}
		{1581903A-0B93-4081-A837-B939B6257E4B} = {ED6A492F-36DC-4692-A892-AEC67BAAE0DA}
		{C594A917-2575-4019-8F6E-8B1B57FB777B} = {ED6A492F-36DC-4692-A892-AEC67BAAE0DA}
		{E1C8B6E0-1D9C-4A49-ABF1-BEDDA09E22E1} = {649A3FFA-182F-4E56-9717-E6A9A2BEC545}
		{6C32EB5F-5440-46AF-A5D2-5ECF1E195B06} = {E1C8B6E0-1D9C-4A49-ABF1-BEDDA09E22E1}
		{2034ED76-0031-48DA-BDD0-855F309717D0} = {E1C8B6E0-1D9C-4A49-ABF1-BEDDA09E22E1}
		{7BC08293-7594-4884-827D-365DA75DE595} = {84BCB960-226C-4C74-8871-8E4478FC7993}
		{BB88106A-7E55-4F6A-A586-1794916281CD} = {7BC08293-7594-4884-827D-365DA75DE595}
		{F5A2A46F-39A1-40AA-9B0B-E4C45B810D88} = {7BC08293-7594-4884-827D-365DA75DE595}
		{1E7F3212-6DB9-4CDF-87ED-FA4F17813431} = {7BC08293-7594-4884-827D-365DA75DE595}
		{C4AA2F7E-3B2B-4723-BC67-BCD9E8385FAE} = {84BCB960-226C-4C74-8871-8E4478FC7993}
		{93C13C2E-5BAE-4183-A3FC-A14CA0955D04} = {7BC08293-7594-4884-827D-365DA75DE595}
		{E634B4AE-731E-4FD4-8D96-E4CE7C410159} = {7BC08293-7594-4884-827D-365DA75DE595}
		{AD2F610A-D682-48C3-B676-317DE1D26EFB} = {ED6A492F-36DC-4692-A892-AEC67BAAE0DA}
		{89889D16-3678-4DD2-A47F-43916AB5BBDF} = {C4AA2F7E-3B2B-4723-BC67-BCD9E8385FAE}
		{8F329735-C2BD-4130-B09B-74D99292C8F6} = {C4AA2F7E-3B2B-4723-BC67-BCD9E8385FAE}
		{BEABD6BE-52F8-4278-BC9A-815CA4E14D91} = {C4AA2F7E-3B2B-4723-BC67-BCD9E8385FAE}
		{EAD348B3-F8AE-4500-A2CA-5B1B3CC5B305} = {C4AA2F7E-3B2B-4723-BC67-BCD9E8385FAE}
		{A7AE48EB-D0A9-42FE-A584-9F8CCB54BF1B} = {C4AA2F7E-3B2B-4723-BC67-BCD9E8385FAE}
	EndGlobalSection
	GlobalSection(ExtensibilityGlobals) = postSolution
		SolutionGuid = {2712717A-AF3F-3EEB-6336-0E08149998F3}
	EndGlobalSection
EndGlobal
